
Microsoft Visual Studio Solution File, Format Version 12.00
# Visual Studio Version 16
VisualStudioVersion = 16.0.31605.320
MinimumVisualStudioVersion = 10.0.40219.1
Project("{FAE04EC0-301F-11D3-BF4B-00C04F79EFBC}") = "ComboBoxWPF", "ComboBoxWPF.csproj", "{443A3915-2F59-4E87-85EA-77F6BC670183}"
EndProject
Project("{FAE04EC0-301F-11D3-BF4B-00C04F79EFBC}") = "Langue", "..\Langue\Langue.csproj", "{789B22DE-ECFA-49ED-8EFB-1CB586EC33C0}"
EndProject
Global
	GlobalSection(SolutionConfigurationPlatforms) = preSolution
		Debug|Any CPU = Debug|Any CPU
		Release|Any CPU = Release|Any CPU
	EndGlobalSection
	GlobalSection(ProjectConfigurationPlatforms) = postSolution
		{443A3915-2F59-4E87-85EA-77F6BC670183}.Debug|Any CPU.ActiveCfg = Debug|Any CPU
		{443A3915-2F59-4E87-85EA-77F6BC670183}.Debug|Any CPU.Build.0 = Debug|Any CPU
		{443A3915-2F59-4E87-85EA-77F6BC670183}.Release|Any CPU.ActiveCfg = Release|Any CPU
		{443A3915-2F59-4E87-85EA-77F6BC670183}.Release|Any CPU.Build.0 = Release|Any CPU
		{789B22DE-ECFA-49ED-8EFB-1CB586EC33C0}.Debug|Any CPU.ActiveCfg = Debug|Any CPU
		{789B22DE-ECFA-49ED-8EFB-1CB586EC33C0}.Debug|Any CPU.Build.0 = Debug|Any CPU
		{789B22DE-ECFA-49ED-8EFB-1CB586EC33C0}.Release|Any CPU.ActiveCfg = Release|Any CPU
		{789B22DE-ECFA-49ED-8EFB-1CB586EC33C0}.Release|Any CPU.Build.0 = Release|Any CPU
	EndGlobalSection
	GlobalSection(SolutionProperties) = preSolution
		HideSolutionNode = FALSE
	EndGlobalSection
	GlobalSection(ExtensibilityGlobals) = postSolution
		SolutionGuid = {0A81A026-A16A-4F3F-BC7B-ADBB78FAC0E3}
	EndGlobalSection
EndGlobal
