
Microsoft Visual Studio Solution File, Format Version 12.00
# Visual Studio Version 16
VisualStudioVersion = 16.0.31605.320
MinimumVisualStudioVersion = 10.0.40219.1
Project("{FAE04EC0-301F-11D3-BF4B-00C04F79EFBC}") = "FirstAppWpf", "FirstAppWpf.csproj", "{D3D6BAE1-5C4D-492B-9694-DD513EC6A8A8}"
EndProject
Global
	GlobalSection(SolutionConfigurationPlatforms) = preSolution
		Debug|Any CPU = Debug|Any CPU
		Release|Any CPU = Release|Any CPU
	EndGlobalSection
	GlobalSection(ProjectConfigurationPlatforms) = postSolution
		{D3D6BAE1-5C4D-492B-9694-DD513EC6A8A8}.Debug|Any CPU.ActiveCfg = Debug|Any CPU
		{D3D6BAE1-5C4D-492B-9694-DD513EC6A8A8}.Debug|Any CPU.Build.0 = Debug|Any CPU
		{D3D6BAE1-5C4D-492B-9694-DD513EC6A8A8}.Release|Any CPU.ActiveCfg = Release|Any CPU
		{D3D6BAE1-5C4D-492B-9694-DD513EC6A8A8}.Release|Any CPU.Build.0 = Release|Any CPU
	EndGlobalSection
	GlobalSection(SolutionProperties) = preSolution
		HideSolutionNode = FALSE
	EndGlobalSection
	GlobalSection(ExtensibilityGlobals) = postSolution
		SolutionGuid = {3C8EB827-8C54-4D95-A13A-4CA41B768247}
	EndGlobalSection
EndGlobal
