
Microsoft Visual Studio Solution File, Format Version 12.00
# Visual Studio Version 16
VisualStudioVersion = 16.0.31605.320
MinimumVisualStudioVersion = 10.0.40219.1
Project("{FAE04EC0-301F-11D3-BF4B-00C04F79EFBC}") = "Laba6", "Laba6.csproj", "{F19A0DA9-58B1-49A8-B67B-17218B375FAD}"
EndProject
Global
	GlobalSection(SolutionConfigurationPlatforms) = preSolution
		Debug|Any CPU = Debug|Any CPU
		Release|Any CPU = Release|Any CPU
	EndGlobalSection
	GlobalSection(ProjectConfigurationPlatforms) = postSolution
		{F19A0DA9-58B1-49A8-B67B-17218B375FAD}.Debug|Any CPU.ActiveCfg = Debug|Any CPU
		{F19A0DA9-58B1-49A8-B67B-17218B375FAD}.Debug|Any CPU.Build.0 = Debug|Any CPU
		{F19A0DA9-58B1-49A8-B67B-17218B375FAD}.Release|Any CPU.ActiveCfg = Release|Any CPU
		{F19A0DA9-58B1-49A8-B67B-17218B375FAD}.Release|Any CPU.Build.0 = Release|Any CPU
	EndGlobalSection
	GlobalSection(SolutionProperties) = preSolution
		HideSolutionNode = FALSE
	EndGlobalSection
	GlobalSection(ExtensibilityGlobals) = postSolution
		SolutionGuid = {07FC7286-2E67-40A4-8550-1A04A913AE8A}
	EndGlobalSection
EndGlobal
